
Microsoft Visual Studio Solution File, Format Version 12.00
# Visual Studio Version 17
VisualStudioVersion = 17.13.35931.197 d17.13
MinimumVisualStudioVersion = 10.0.40219.1
Project("{FAE04EC0-301F-11D3-BF4B-00C04F79EFBC}") = "gerenciamento de produtos", "gerenciamento de produtos\gerenciamento de produtos.csproj", "{68E4C424-3884-4596-A681-88F595FD5A0D}"
EndProject
Global
	GlobalSection(SolutionConfigurationPlatforms) = preSolution
		Debug|Any CPU = Debug|Any CPU
		Release|Any CPU = Release|Any CPU
	EndGlobalSection
	GlobalSection(ProjectConfigurationPlatforms) = postSolution
		{68E4C424-3884-4596-A681-88F595FD5A0D}.Debug|Any CPU.ActiveCfg = Debug|Any CPU
		{68E4C424-3884-4596-A681-88F595FD5A0D}.Debug|Any CPU.Build.0 = Debug|Any CPU
		{68E4C424-3884-4596-A681-88F595FD5A0D}.Release|Any CPU.ActiveCfg = Release|Any CPU
		{68E4C424-3884-4596-A681-88F595FD5A0D}.Release|Any CPU.Build.0 = Release|Any CPU
	EndGlobalSection
	GlobalSection(SolutionProperties) = preSolution
		HideSolutionNode = FALSE
	EndGlobalSection
	GlobalSection(ExtensibilityGlobals) = postSolution
		SolutionGuid = {E11A8907-F1F9-4DCE-B5B5-DBBD1D311CDD}
	EndGlobalSection
EndGlobal
